
Microsoft Visual Studio Solution File, Format Version 12.00
# Visual Studio Version 17
VisualStudioVersion = 17.9.34701.34
MinimumVisualStudioVersion = 10.0.40219.1
Project("{8BC9CEB8-8B4A-11D0-8D11-00A0C91BC942}") = "activator", "activator.vcxproj", "{B69218DF-3B50-46A4-AC4E-67A80FB35A4B}"
EndProject
Global
	GlobalSection(SolutionConfigurationPlatforms) = preSolution
		Debug|Win32 = Debug|Win32
		Debug|x64 = Debug|x64
		Release|Win32 = Release|Win32
		Release|x64 = Release|x64
	EndGlobalSection
	GlobalSection(ProjectConfigurationPlatforms) = postSolution
		{B69218DF-3B50-46A4-AC4E-67A80FB35A4B}.Debug|Win32.ActiveCfg = Debug|Win32
		{B69218DF-3B50-46A4-AC4E-67A80FB35A4B}.Debug|Win32.Build.0 = Debug|Win32
		{B69218DF-3B50-46A4-AC4E-67A80FB35A4B}.Debug|x64.ActiveCfg = Debug|x64
		{B69218DF-3B50-46A4-AC4E-67A80FB35A4B}.Debug|x64.Build.0 = Debug|x64
		{B69218DF-3B50-46A4-AC4E-67A80FB35A4B}.Release|Win32.ActiveCfg = Release|Win32
		{B69218DF-3B50-46A4-AC4E-67A80FB35A4B}.Release|Win32.Build.0 = Release|Win32
		{B69218DF-3B50-46A4-AC4E-67A80FB35A4B}.Release|x64.ActiveCfg = Release|x64
		{B69218DF-3B50-46A4-AC4E-67A80FB35A4B}.Release|x64.Build.0 = Release|x64
	EndGlobalSection
	GlobalSection(SolutionProperties) = preSolution
		HideSolutionNode = FALSE
	EndGlobalSection
	GlobalSection(ExtensibilityGlobals) = postSolution
		SolutionGuid = {76D5B752-1830-477A-B5C2-059BFD57B99B}
	EndGlobalSection
EndGlobal
